
Microsoft Visual Studio Solution File, Format Version 12.00
# Visual Studio Version 17
VisualStudioVersion = 17.13.35806.99
MinimumVisualStudioVersion = 10.0.40219.1
Project("{FAE04EC0-301F-11D3-BF4B-00C04F79EFBC}") = "UnitTestingDemo", "UnitTestingDemo.csproj", "{985A9ADD-FE53-4E4D-8249-21D8E4D48044}"
EndProject
Project("{FAE04EC0-301F-11D3-BF4B-00C04F79EFBC}") = "UnitTestingDemo.Test", "..\UniteTestingDemo.Test\UnitTestingDemo.Test.csproj", "{319534CC-D399-46DE-A2A4-9306FF9F7226}"
EndProject
Global
	GlobalSection(SolutionConfigurationPlatforms) = preSolution
		Debug|Any CPU = Debug|Any CPU
		Release|Any CPU = Release|Any CPU
	EndGlobalSection
	GlobalSection(ProjectConfigurationPlatforms) = postSolution
		{985A9ADD-FE53-4E4D-8249-21D8E4D48044}.Debug|Any CPU.ActiveCfg = Debug|Any CPU
		{985A9ADD-FE53-4E4D-8249-21D8E4D48044}.Debug|Any CPU.Build.0 = Debug|Any CPU
		{985A9ADD-FE53-4E4D-8249-21D8E4D48044}.Release|Any CPU.ActiveCfg = Release|Any CPU
		{985A9ADD-FE53-4E4D-8249-21D8E4D48044}.Release|Any CPU.Build.0 = Release|Any CPU
		{319534CC-D399-46DE-A2A4-9306FF9F7226}.Debug|Any CPU.ActiveCfg = Debug|Any CPU
		{319534CC-D399-46DE-A2A4-9306FF9F7226}.Debug|Any CPU.Build.0 = Debug|Any CPU
		{319534CC-D399-46DE-A2A4-9306FF9F7226}.Release|Any CPU.ActiveCfg = Release|Any CPU
		{319534CC-D399-46DE-A2A4-9306FF9F7226}.Release|Any CPU.Build.0 = Release|Any CPU
	EndGlobalSection
	GlobalSection(SolutionProperties) = preSolution
		HideSolutionNode = FALSE
	EndGlobalSection
	GlobalSection(ExtensibilityGlobals) = postSolution
		SolutionGuid = {F8CFB80B-4CAF-4223-B9E0-AA13055DE9E0}
	EndGlobalSection
EndGlobal
